Microsoft Visual Studio Solution File, Format Version 12.00
# Visual Studio Version 17
VisualStudioVersion = 17.1.32421.90
MinimumVisualStudioVersion = 16.0.0.0
Project("{9A19103F-16F7-4668-BE54-9A1E7A4F7556}") = "Domain", "domain\Domain.csproj", "{8B231D2A-0418-4B0B-9DDC-F0B630181269}"
EndProject
Project("{2150E333-8FDC-42A3-9474-1A3956D46DE8}") = "Solution Items", "Solution Items", "{7DEB315E-DB92-4620-A55C-9B4FEF38CF78}"
	ProjectSection(SolutionItems) = preProject
		.editorconfig = .editorconfig
	EndProjectSection
EndProject
Project("{9A19103F-16F7-4668-BE54-9A1E7A4F7556}") = "Imports", "Imports\Imports.csproj", "{29FFB60E-EA6D-4E58-8204-961D268CC8EA}"
EndProject
Project("{9A19103F-16F7-4668-BE54-9A1E7A4F7556}") = "Persistence", "Persistence\Persistence.csproj", "{5AA51F4C-927A-4A3B-9727-A26C90D990A3}"
EndProject
Project("{9A19103F-16F7-4668-BE54-9A1E7A4F7556}") = "Persistence.Test", "Persistence.Test\Persistence.Test.csproj", "{9EC63E32-7B08-42CE-86A1-9C383B925300}"
EndProject
Project("{FAE04EC0-301F-11D3-BF4B-00C04F79EFBC}") = "UI", "UI\UI.csproj", "{BDC3154E-D22D-4CAF-ADA7-E70B59127FC8}"
EndProject
Global
	GlobalSection(SolutionConfigurationPlatforms) = preSolution
		Debug|Any CPU = Debug|Any CPU
		Debug|iPhone = Debug|iPhone
		Debug|iPhoneSimulator = Debug|iPhoneSimulator
		Debug|x64 = Debug|x64
		Debug|x86 = Debug|x86
		Release|Any CPU = Release|Any CPU
		Release|iPhone = Release|iPhone
		Release|iPhoneSimulator = Release|iPhoneSimulator
		Release|x64 = Release|x64
		Release|x86 = Release|x86
	EndGlobalSection
	GlobalSection(ProjectConfigurationPlatforms) = postSolution
		{8B231D2A-0418-4B0B-9DDC-F0B630181269}.Debug|Any CPU.ActiveCfg = Debug|Any CPU
		{8B231D2A-0418-4B0B-9DDC-F0B630181269}.Debug|Any CPU.Build.0 = Debug|Any CPU
		{8B231D2A-0418-4B0B-9DDC-F0B630181269}.Debug|iPhone.ActiveCfg = Debug|Any CPU
		{8B231D2A-0418-4B0B-9DDC-F0B630181269}.Debug|iPhone.Build.0 = Debug|Any CPU
		{8B231D2A-0418-4B0B-9DDC-F0B630181269}.Debug|iPhoneSimulator.ActiveCfg = Debug|Any CPU
		{8B231D2A-0418-4B0B-9DDC-F0B630181269}.Debug|iPhoneSimulator.Build.0 = Debug|Any CPU
		{8B231D2A-0418-4B0B-9DDC-F0B630181269}.Debug|x64.ActiveCfg = Debug|Any CPU
		{8B231D2A-0418-4B0B-9DDC-F0B630181269}.Debug|x64.Build.0 = Debug|Any CPU
		{8B231D2A-0418-4B0B-9DDC-F0B630181269}.Debug|x86.ActiveCfg = Debug|Any CPU
		{8B231D2A-0418-4B0B-9DDC-F0B630181269}.Debug|x86.Build.0 = Debug|Any CPU
		{8B231D2A-0418-4B0B-9DDC-F0B630181269}.Release|Any CPU.ActiveCfg = Release|Any CPU
		{8B231D2A-0418-4B0B-9DDC-F0B630181269}.Release|Any CPU.Build.0 = Release|Any CPU
		{8B231D2A-0418-4B0B-9DDC-F0B630181269}.Release|iPhone.ActiveCfg = Release|Any CPU
		{8B231D2A-0418-4B0B-9DDC-F0B630181269}.Release|iPhone.Build.0 = Release|Any CPU
		{8B231D2A-0418-4B0B-9DDC-F0B630181269}.Release|iPhoneSimulator.ActiveCfg = Release|Any CPU
		{8B231D2A-0418-4B0B-9DDC-F0B630181269}.Release|iPhoneSimulator.Build.0 = Release|Any CPU
		{8B231D2A-0418-4B0B-9DDC-F0B630181269}.Release|x64.ActiveCfg = Release|Any CPU
		{8B231D2A-0418-4B0B-9DDC-F0B630181269}.Release|x64.Build.0 = Release|Any CPU
		{8B231D2A-0418-4B0B-9DDC-F0B630181269}.Release|x86.ActiveCfg = Release|Any CPU
		{8B231D2A-0418-4B0B-9DDC-F0B630181269}.Release|x86.Build.0 = Release|Any CPU
		{29FFB60E-EA6D-4E58-8204-961D268CC8EA}.Debug|Any CPU.ActiveCfg = Debug|Any CPU
		{29FFB60E-EA6D-4E58-8204-961D268CC8EA}.Debug|Any CPU.Build.0 = Debug|Any CPU
		{29FFB60E-EA6D-4E58-8204-961D268CC8EA}.Debug|iPhone.ActiveCfg = Debug|Any CPU
		{29FFB60E-EA6D-4E58-8204-961D268CC8EA}.Debug|iPhone.Build.0 = Debug|Any CPU
		{29FFB60E-EA6D-4E58-8204-961D268CC8EA}.Debug|iPhoneSimulator.ActiveCfg = Debug|Any CPU
		{29FFB60E-EA6D-4E58-8204-961D268CC8EA}.Debug|iPhoneSimulator.Build.0 = Debug|Any CPU
		{29FFB60E-EA6D-4E58-8204-961D268CC8EA}.Debug|x64.ActiveCfg = Debug|Any CPU
		{29FFB60E-EA6D-4E58-8204-961D268CC8EA}.Debug|x64.Build.0 = Debug|Any CPU
		{29FFB60E-EA6D-4E58-8204-961D268CC8EA}.Debug|x86.ActiveCfg = Debug|Any CPU
		{29FFB60E-EA6D-4E58-8204-961D268CC8EA}.Debug|x86.Build.0 = Debug|Any CPU
		{29FFB60E-EA6D-4E58-8204-961D268CC8EA}.Release|Any CPU.ActiveCfg = Release|Any CPU
		{29FFB60E-EA6D-4E58-8204-961D268CC8EA}.Release|Any CPU.Build.0 = Release|Any CPU
		{29FFB60E-EA6D-4E58-8204-961D268CC8EA}.Release|iPhone.ActiveCfg = Release|Any CPU
		{29FFB60E-EA6D-4E58-8204-961D268CC8EA}.Release|iPhone.Build.0 = Release|Any CPU
		{29FFB60E-EA6D-4E58-8204-961D268CC8EA}.Release|iPhoneSimulator.ActiveCfg = Release|Any CPU
		{29FFB60E-EA6D-4E58-8204-961D268CC8EA}.Release|iPhoneSimulator.Build.0 = Release|Any CPU
		{29FFB60E-EA6D-4E58-8204-961D268CC8EA}.Release|x64.ActiveCfg = Release|Any CPU
		{29FFB60E-EA6D-4E58-8204-961D268CC8EA}.Release|x64.Build.0 = Release|Any CPU
		{29FFB60E-EA6D-4E58-8204-961D268CC8EA}.Release|x86.ActiveCfg = Release|Any CPU
		{29FFB60E-EA6D-4E58-8204-961D268CC8EA}.Release|x86.Build.0 = Release|Any CPU
		{5AA51F4C-927A-4A3B-9727-A26C90D990A3}.Debug|Any CPU.ActiveCfg = Debug|Any CPU
		{5AA51F4C-927A-4A3B-9727-A26C90D990A3}.Debug|Any CPU.Build.0 = Debug|Any CPU
		{5AA51F4C-927A-4A3B-9727-A26C90D990A3}.Debug|iPhone.ActiveCfg = Debug|Any CPU
		{5AA51F4C-927A-4A3B-9727-A26C90D990A3}.Debug|iPhone.Build.0 = Debug|Any CPU
		{5AA51F4C-927A-4A3B-9727-A26C90D990A3}.Debug|iPhoneSimulator.ActiveCfg = Debug|Any CPU
		{5AA51F4C-927A-4A3B-9727-A26C90D990A3}.Debug|iPhoneSimulator.Build.0 = Debug|Any CPU
		{5AA51F4C-927A-4A3B-9727-A26C90D990A3}.Debug|x64.ActiveCfg = Debug|Any CPU
		{5AA51F4C-927A-4A3B-9727-A26C90D990A3}.Debug|x64.Build.0 = Debug|Any CPU
		{5AA51F4C-927A-4A3B-9727-A26C90D990A3}.Debug|x86.ActiveCfg = Debug|Any CPU
		{5AA51F4C-927A-4A3B-9727-A26C90D990A3}.Debug|x86.Build.0 = Debug|Any CPU
		{5AA51F4C-927A-4A3B-9727-A26C90D990A3}.Release|Any CPU.ActiveCfg = Release|Any CPU
		{5AA51F4C-927A-4A3B-9727-A26C90D990A3}.Release|Any CPU.Build.0 = Release|Any CPU
		{5AA51F4C-927A-4A3B-9727-A26C90D990A3}.Release|iPhone.ActiveCfg = Release|Any CPU
		{5AA51F4C-927A-4A3B-9727-A26C90D990A3}.Release|iPhone.Build.0 = Release|Any CPU
		{5AA51F4C-927A-4A3B-9727-A26C90D990A3}.Release|iPhoneSimulator.ActiveCfg = Release|Any CPU
		{5AA51F4C-927A-4A3B-9727-A26C90D990A3}.Release|iPhoneSimulator.Build.0 = Release|Any CPU
		{5AA51F4C-927A-4A3B-9727-A26C90D990A3}.Release|x64.ActiveCfg = Release|Any CPU
		{5AA51F4C-927A-4A3B-9727-A26C90D990A3}.Release|x64.Build.0 = Release|Any CPU
		{5AA51F4C-927A-4A3B-9727-A26C90D990A3}.Release|x86.ActiveCfg = Release|Any CPU
		{5AA51F4C-927A-4A3B-9727-A26C90D990A3}.Release|x86.Build.0 = Release|Any CPU
		{9EC63E32-7B08-42CE-86A1-9C383B925300}.Debug|Any CPU.ActiveCfg = Debug|Any CPU
		{9EC63E32-7B08-42CE-86A1-9C383B925300}.Debug|Any CPU.Build.0 = Debug|Any CPU
		{9EC63E32-7B08-42CE-86A1-9C383B925300}.Debug|iPhone.ActiveCfg = Debug|Any CPU
		{9EC63E32-7B08-42CE-86A1-9C383B925300}.Debug|iPhone.Build.0 = Debug|Any CPU
		{9EC63E32-7B08-42CE-86A1-9C383B925300}.Debug|iPhoneSimulator.ActiveCfg = Debug|Any CPU
		{9EC63E32-7B08-42CE-86A1-9C383B925300}.Debug|iPhoneSimulator.Build.0 = Debug|Any CPU
		{9EC63E32-7B08-42CE-86A1-9C383B925300}.Debug|x64.ActiveCfg = Debug|Any CPU
		{9EC63E32-7B08-42CE-86A1-9C383B925300}.Debug|x64.Build.0 = Debug|Any CPU
		{9EC63E32-7B08-42CE-86A1-9C383B925300}.Debug|x86.ActiveCfg = Debug|Any CPU
		{9EC63E32-7B08-42CE-86A1-9C383B925300}.Debug|x86.Build.0 = Debug|Any CPU
		{9EC63E32-7B08-42CE-86A1-9C383B925300}.Release|Any CPU.ActiveCfg = Release|Any CPU
		{9EC63E32-7B08-42CE-86A1-9C383B925300}.Release|Any CPU.Build.0 = Release|Any CPU
		{9EC63E32-7B08-42CE-86A1-9C383B925300}.Release|iPhone.ActiveCfg = Release|Any CPU
		{9EC63E32-7B08-42CE-86A1-9C383B925300}.Release|iPhone.Build.0 = Release|Any CPU
		{9EC63E32-7B08-42CE-86A1-9C383B925300}.Release|iPhoneSimulator.ActiveCfg = Release|Any CPU
		{9EC63E32-7B08-42CE-86A1-9C383B925300}.Release|iPhoneSimulator.Build.0 = Release|Any CPU
		{9EC63E32-7B08-42CE-86A1-9C383B925300}.Release|x64.ActiveCfg = Release|Any CPU
		{9EC63E32-7B08-42CE-86A1-9C383B925300}.Release|x64.Build.0 = Release|Any CPU
		{9EC63E32-7B08-42CE-86A1-9C383B925300}.Release|x86.ActiveCfg = Release|Any CPU
		{9EC63E32-7B08-42CE-86A1-9C383B925300}.Release|x86.Build.0 = Release|Any CPU
		{BDC3154E-D22D-4CAF-ADA7-E70B59127FC8}.Debug|Any CPU.ActiveCfg = Debug|Any CPU
		{BDC3154E-D22D-4CAF-ADA7-E70B59127FC8}.Debug|Any CPU.Build.0 = Debug|Any CPU
		{BDC3154E-D22D-4CAF-ADA7-E70B59127FC8}.Debug|iPhone.ActiveCfg = Debug|Any CPU
		{BDC3154E-D22D-4CAF-ADA7-E70B59127FC8}.Debug|iPhone.Build.0 = Debug|Any CPU
		{BDC3154E-D22D-4CAF-ADA7-E70B59127FC8}.Debug|iPhoneSimulator.ActiveCfg = Debug|Any CPU
		{BDC3154E-D22D-4CAF-ADA7-E70B59127FC8}.Debug|iPhoneSimulator.Build.0 = Debug|Any CPU
		{BDC3154E-D22D-4CAF-ADA7-E70B59127FC8}.Debug|x64.ActiveCfg = Debug|Any CPU
		{BDC3154E-D22D-4CAF-ADA7-E70B59127FC8}.Debug|x64.Build.0 = Debug|Any CPU
		{BDC3154E-D22D-4CAF-ADA7-E70B59127FC8}.Debug|x86.ActiveCfg = Debug|Any CPU
		{BDC3154E-D22D-4CAF-ADA7-E70B59127FC8}.Debug|x86.Build.0 = Debug|Any CPU
		{BDC3154E-D22D-4CAF-ADA7-E70B59127FC8}.Release|Any CPU.ActiveCfg = Release|Any CPU
		{BDC3154E-D22D-4CAF-ADA7-E70B59127FC8}.Release|Any CPU.Build.0 = Release|Any CPU
		{BDC3154E-D22D-4CAF-ADA7-E70B59127FC8}.Release|iPhone.ActiveCfg = Release|Any CPU
		{BDC3154E-D22D-4CAF-ADA7-E70B59127FC8}.Release|iPhone.Build.0 = Release|Any CPU
		{BDC3154E-D22D-4CAF-ADA7-E70B59127FC8}.Release|iPhoneSimulator.ActiveCfg = Release|Any CPU
		{BDC3154E-D22D-4CAF-ADA7-E70B59127FC8}.Release|iPhoneSimulator.Build.0 = Release|Any CPU
		{BDC3154E-D22D-4CAF-ADA7-E70B59127FC8}.Release|x64.ActiveCfg = Release|Any CPU
		{BDC3154E-D22D-4CAF-ADA7-E70B59127FC8}.Release|x64.Build.0 = Release|Any CPU
		{BDC3154E-D22D-4CAF-ADA7-E70B59127FC8}.Release|x86.ActiveCfg = Release|Any CPU
		{BDC3154E-D22D-4CAF-ADA7-E70B59127FC8}.Release|x86.Build.0 = Release|Any CPU
	EndGlobalSection
	GlobalSection(SolutionProperties) = preSolution
		HideSolutionNode = FALSE
	EndGlobalSection
	GlobalSection(ExtensibilityGlobals) = postSolution
		SolutionGuid = {78D02E57-6AAA-40B1-99F8-76588534E0A4}
	EndGlobalSection
EndGlobal
